// !$*UTF8*$!
{
	archiveVersion = 1;
	classes = {
	};
	objectVersion = 51;
	objects = {

/* Begin PBXBuildFile section */
		5CD28AC147BA05980F2C80FF /* Pods_breaking_news.framework in Frameworks */ = {isa = PBXBuildFile; fileRef = 361AE8A531BF9C61126773E8 /* Pods_breaking_news.framework */; };
		7C15E72D27E668A50018AEF3 /* AppDelegate.swift in Sources */ = {isa = PBXBuildFile; fileRef = 7C15E72C27E668A50018AEF3 /* AppDelegate.swift */; };
		7C15E72F27E668A50018AEF3 /* SceneDelegate.swift in Sources */ = {isa = PBXBuildFile; fileRef = 7C15E72E27E668A50018AEF3 /* SceneDelegate.swift */; };
		7C15E73127E668A50018AEF3 /* SearchArticleViewController.swift in Sources */ = {isa = PBXBuildFile; fileRef = 7C15E73027E668A50018AEF3 /* SearchArticleViewController.swift */; };
		7C15E73427E668A50018AEF3 /* Main.storyboard in Resources */ = {isa = PBXBuildFile; fileRef = 7C15E73227E668A50018AEF3 /* Main.storyboard */; };
		7C15E73627E668A60018AEF3 /* Assets.xcassets in Resources */ = {isa = PBXBuildFile; fileRef = 7C15E73527E668A60018AEF3 /* Assets.xcassets */; };
		7C15E73927E668A60018AEF3 /* LaunchScreen.storyboard in Resources */ = {isa = PBXBuildFile; fileRef = 7C15E73727E668A60018AEF3 /* LaunchScreen.storyboard */; };
		7C1A2DE827FAB7BD004305B4 /* ArticleDetailScreen.storyboard in Resources */ = {isa = PBXBuildFile; fileRef = 7C1A2DE727FAB7BD004305B4 /* ArticleDetailScreen.storyboard */; };
		7C1A2DEA27FABABF004305B4 /* ArticleDetailViewController.swift in Sources */ = {isa = PBXBuildFile; fileRef = 7C1A2DE927FABABF004305B4 /* ArticleDetailViewController.swift */; };
		7C27800727F2D0B600C590ED /* DownloadImage.swift in Sources */ = {isa = PBXBuildFile; fileRef = 7C27800627F2D0B600C590ED /* DownloadImage.swift */; };
		7C40942B27EA5B18003857CD /* SearchArticleScreen.storyboard in Resources */ = {isa = PBXBuildFile; fileRef = 7C40942A27EA5B18003857CD /* SearchArticleScreen.storyboard */; };
		7C40942D27EAE6E9003857CD /* SplashViewController.swift in Sources */ = {isa = PBXBuildFile; fileRef = 7C40942C27EAE6E9003857CD /* SplashViewController.swift */; };
		7C40943027EAF3FB003857CD /* ArticleTableViewCell.swift in Sources */ = {isa = PBXBuildFile; fileRef = 7C40942E27EAF3FB003857CD /* ArticleTableViewCell.swift */; };
		7C40943127EAF3FB003857CD /* ArticleTableViewCell.xib in Resources */ = {isa = PBXBuildFile; fileRef = 7C40942F27EAF3FB003857CD /* ArticleTableViewCell.xib */; };
		7CD2944A27E66FCA00A93FEC /* ArticleResponse.swift in Sources */ = {isa = PBXBuildFile; fileRef = 7CD2944927E66FCA00A93FEC /* ArticleResponse.swift */; };
		7CD2944C27E66FD900A93FEC /* Article.swift in Sources */ = {isa = PBXBuildFile; fileRef = 7CD2944B27E66FD900A93FEC /* Article.swift */; };
		7CD2944E27E66FE600A93FEC /* Source.swift in Sources */ = {isa = PBXBuildFile; fileRef = 7CD2944D27E66FE600A93FEC /* Source.swift */; };
		7CD2945127E6746000A93FEC /* NewsAPI.swift in Sources */ = {isa = PBXBuildFile; fileRef = 7CD2945027E6746000A93FEC /* NewsAPI.swift */; };
		7CD2945327E6747700A93FEC /* NewsNetworkManager.swift in Sources */ = {isa = PBXBuildFile; fileRef = 7CD2945227E6747700A93FEC /* NewsNetworkManager.swift */; };
		7CD2945527E847A900A93FEC /* Constants.swift in Sources */ = {isa = PBXBuildFile; fileRef = 7CD2945427E847A900A93FEC /* Constants.swift */; };
		7CD2945927E894AA00A93FEC /* NewsAPI.plist in Resources */ = {isa = PBXBuildFile; fileRef = 7CD2945827E894AA00A93FEC /* NewsAPI.plist */; };
/* End PBXBuildFile section */

/* Begin PBXFileReference section */
		361AE8A531BF9C61126773E8 /* Pods_breaking_news.framework */ = {isa = PBXFileReference; explicitFileType = wrapper.framework; includeInIndex = 0; path = Pods_breaking_news.framework; sourceTree = BUILT_PRODUCTS_DIR; };
		7C15E72927E668A50018AEF3 /* breaking-news.app */ = {isa = PBXFileReference; explicitFileType = wrapper.application; includeInIndex = 0; path = "breaking-news.app"; sourceTree = BUILT_PRODUCTS_DIR; };
		7C15E72C27E668A50018AEF3 /* AppDelegate.swift */ = {isa = PBXFileReference; lastKnownFileType = sourcecode.swift; path = AppDelegate.swift; sourceTree = "<group>"; };
		7C15E72E27E668A50018AEF3 /* SceneDelegate.swift */ = {isa = PBXFileReference; lastKnownFileType = sourcecode.swift; path = SceneDelegate.swift; sourceTree = "<group>"; };
		7C15E73027E668A50018AEF3 /* SearchArticleViewController.swift */ = {isa = PBXFileReference; lastKnownFileType = sourcecode.swift; path = SearchArticleViewController.swift; sourceTree = "<group>"; };
		7C15E73327E668A50018AEF3 /* Base */ = {isa = PBXFileReference; lastKnownFileType = file.storyboard; name = Base; path = Base.lproj/Main.storyboard; sourceTree = "<group>"; };
		7C15E73527E668A60018AEF3 /* Assets.xcassets */ = {isa = PBXFileReference; lastKnownFileType = folder.assetcatalog; path = Assets.xcassets; sourceTree = "<group>"; };
		7C15E73827E668A60018AEF3 /* Base */ = {isa = PBXFileReference; lastKnownFileType = file.storyboard; name = Base; path = Base.lproj/LaunchScreen.storyboard; sourceTree = "<group>"; };
		7C15E73A27E668A60018AEF3 /* Info.plist */ = {isa = PBXFileReference; lastKnownFileType = text.plist.xml; path = Info.plist; sourceTree = "<group>"; };
		7C1A2DE727FAB7BD004305B4 /* ArticleDetailScreen.storyboard */ = {isa = PBXFileReference; lastKnownFileType = file.storyboard; path = ArticleDetailScreen.storyboard; sourceTree = "<group>"; };
		7C1A2DE927FABABF004305B4 /* ArticleDetailViewController.swift */ = {isa = PBXFileReference; lastKnownFileType = sourcecode.swift; path = ArticleDetailViewController.swift; sourceTree = "<group>"; };
		7C27800627F2D0B600C590ED /* DownloadImage.swift */ = {isa = PBXFileReference; lastKnownFileType = sourcecode.swift; path = DownloadImage.swift; sourceTree = "<group>"; };
		7C40942A27EA5B18003857CD /* SearchArticleScreen.storyboard */ = {isa = PBXFileReference; lastKnownFileType = file.storyboard; path = SearchArticleScreen.storyboard; sourceTree = "<group>"; };
		7C40942C27EAE6E9003857CD /* SplashViewController.swift */ = {isa = PBXFileReference; lastKnownFileType = sourcecode.swift; path = SplashViewController.swift; sourceTree = "<group>"; };
		7C40942E27EAF3FB003857CD /* ArticleTableViewCell.swift */ = {isa = PBXFileReference; lastKnownFileType = sourcecode.swift; path = ArticleTableViewCell.swift; sourceTree = "<group>"; };
		7C40942F27EAF3FB003857CD /* ArticleTableViewCell.xib */ = {isa = PBXFileReference; lastKnownFileType = file.xib; path = ArticleTableViewCell.xib; sourceTree = "<group>"; };
		7CD2944927E66FCA00A93FEC /* ArticleResponse.swift */ = {isa = PBXFileReference; lastKnownFileType = sourcecode.swift; path = ArticleResponse.swift; sourceTree = "<group>"; };
		7CD2944B27E66FD900A93FEC /* Article.swift */ = {isa = PBXFileReference; lastKnownFileType = sourcecode.swift; path = Article.swift; sourceTree = "<group>"; };
		7CD2944D27E66FE600A93FEC /* Source.swift */ = {isa = PBXFileReference; lastKnownFileType = sourcecode.swift; path = Source.swift; sourceTree = "<group>"; };
		7CD2945027E6746000A93FEC /* NewsAPI.swift */ = {isa = PBXFileReference; lastKnownFileType = sourcecode.swift; path = NewsAPI.swift; sourceTree = "<group>"; };
		7CD2945227E6747700A93FEC /* NewsNetworkManager.swift */ = {isa = PBXFileReference; lastKnownFileType = sourcecode.swift; path = NewsNetworkManager.swift; sourceTree = "<group>"; };
		7CD2945427E847A900A93FEC /* Constants.swift */ = {isa = PBXFileReference; lastKnownFileType = sourcecode.swift; path = Constants.swift; sourceTree = "<group>"; };
		7CD2945827E894AA00A93FEC /* NewsAPI.plist */ = {isa = PBXFileReference; lastKnownFileType = text.plist.xml; path = NewsAPI.plist; sourceTree = "<group>"; };
		85094A4F09FBA58F112D1DBE /* Pods-breaking-news.debug.xcconfig */ = {isa = PBXFileReference; includeInIndex = 1; lastKnownFileType = text.xcconfig; name = "Pods-breaking-news.debug.xcconfig"; path = "Target Support Files/Pods-breaking-news/Pods-breaking-news.debug.xcconfig"; sourceTree = "<group>"; };
		E388F37974F665DB067AEABD /* Pods-breaking-news.release.xcconfig */ = {isa = PBXFileReference; includeInIndex = 1; lastKnownFileType = text.xcconfig; name = "Pods-breaking-news.release.xcconfig"; path = "Target Support Files/Pods-breaking-news/Pods-breaking-news.release.xcconfig"; sourceTree = "<group>"; };
/* End PBXFileReference section */

/* Begin PBXFrameworksBuildPhase section */
		7C15E72627E668A50018AEF3 /* Frameworks */ = {
			isa = PBXFrameworksBuildPhase;
			buildActionMask = 2147483647;
			files = (
				5CD28AC147BA05980F2C80FF /* Pods_breaking_news.framework in Frameworks */,
			);
			runOnlyForDeploymentPostprocessing = 0;
		};
/* End PBXFrameworksBuildPhase section */

/* Begin PBXGroup section */
		663E3FC2D06633F6CFE3789D /* Frameworks */ = {
			isa = PBXGroup;
			children = (
				361AE8A531BF9C61126773E8 /* Pods_breaking_news.framework */,
			);
			name = Frameworks;
			sourceTree = "<group>";
		};
		7C15E72027E668A50018AEF3 = {
			isa = PBXGroup;
			children = (
				7C15E72B27E668A50018AEF3 /* breaking-news */,
				7C15E72A27E668A50018AEF3 /* Products */,
				FE62502AECCBCE5FD41B8AB8 /* Pods */,
				663E3FC2D06633F6CFE3789D /* Frameworks */,
			);
			sourceTree = "<group>";
		};
		7C15E72A27E668A50018AEF3 /* Products */ = {
			isa = PBXGroup;
			children = (
				7C15E72927E668A50018AEF3 /* breaking-news.app */,
			);
			name = Products;
			sourceTree = "<group>";
		};
		7C15E72B27E668A50018AEF3 /* breaking-news */ = {
			isa = PBXGroup;
			children = (
				7CD2944F27E6729600A93FEC /* Helpers */,
				7CD2944827E66F4400A93FEC /* Network */,
				7CD2944727E66F1400A93FEC /* Controllers */,
				7CD2944627E66F0C00A93FEC /* UI */,
				7CD2944527E66F0500A93FEC /* Models */,
				7CD2945B27E8C6C200A93FEC /* SupportingFiles */,
			);
			path = "breaking-news";
			sourceTree = "<group>";
		};
		7CD2944527E66F0500A93FEC /* Models */ = {
			isa = PBXGroup;
			children = (
				7CD2944927E66FCA00A93FEC /* ArticleResponse.swift */,
				7CD2944B27E66FD900A93FEC /* Article.swift */,
				7CD2944D27E66FE600A93FEC /* Source.swift */,
			);
			path = Models;
			sourceTree = "<group>";
		};
		7CD2944627E66F0C00A93FEC /* UI */ = {
			isa = PBXGroup;
			children = (
				7C15E73227E668A50018AEF3 /* Main.storyboard */,
				7C15E73727E668A60018AEF3 /* LaunchScreen.storyboard */,
				7C40942A27EA5B18003857CD /* SearchArticleScreen.storyboard */,
				7C40942F27EAF3FB003857CD /* ArticleTableViewCell.xib */,
				7C1A2DE727FAB7BD004305B4 /* ArticleDetailScreen.storyboard */,
			);
			path = UI;
			sourceTree = "<group>";
		};
		7CD2944727E66F1400A93FEC /* Controllers */ = {
			isa = PBXGroup;
			children = (
				7C15E73027E668A50018AEF3 /* SearchArticleViewController.swift */,
				7C40942C27EAE6E9003857CD /* SplashViewController.swift */,
				7C40942E27EAF3FB003857CD /* ArticleTableViewCell.swift */,
				7C1A2DE927FABABF004305B4 /* ArticleDetailViewController.swift */,
			);
			path = Controllers;
			sourceTree = "<group>";
		};
		7CD2944827E66F4400A93FEC /* Network */ = {
			isa = PBXGroup;
			children = (
				7CD2945027E6746000A93FEC /* NewsAPI.swift */,
				7CD2945227E6747700A93FEC /* NewsNetworkManager.swift */,
				7C27800627F2D0B600C590ED /* DownloadImage.swift */,
			);
			path = Network;
			sourceTree = "<group>";
		};
		7CD2944F27E6729600A93FEC /* Helpers */ = {
			isa = PBXGroup;
			children = (
				7CD2945427E847A900A93FEC /* Constants.swift */,
			);
			path = Helpers;
			sourceTree = "<group>";
		};
		7CD2945B27E8C6C200A93FEC /* SupportingFiles */ = {
			isa = PBXGroup;
			children = (
				7C15E73A27E668A60018AEF3 /* Info.plist */,
				7CD2945827E894AA00A93FEC /* NewsAPI.plist */,
				7C15E73527E668A60018AEF3 /* Assets.xcassets */,
				7C15E72C27E668A50018AEF3 /* AppDelegate.swift */,
				7C15E72E27E668A50018AEF3 /* SceneDelegate.swift */,
			);
			path = SupportingFiles;
			sourceTree = "<group>";
		};
		FE62502AECCBCE5FD41B8AB8 /* Pods */ = {
			isa = PBXGroup;
			children = (
				85094A4F09FBA58F112D1DBE /* Pods-breaking-news.debug.xcconfig */,
				E388F37974F665DB067AEABD /* Pods-breaking-news.release.xcconfig */,
			);
			path = Pods;
			sourceTree = "<group>";
		};
/* End PBXGroup section */

/* Begin PBXNativeTarget section */
		7C15E72827E668A50018AEF3 /* breaking-news */ = {
			isa = PBXNativeTarget;
			buildConfigurationList = 7C15E73D27E668A60018AEF3 /* Build configuration list for PBXNativeTarget "breaking-news" */;
			buildPhases = (
				12D06B5AA55A24354543C112 /* [CP] Check Pods Manifest.lock */,
				7C15E72527E668A50018AEF3 /* Sources */,
				7C15E72627E668A50018AEF3 /* Frameworks */,
				7C15E72727E668A50018AEF3 /* Resources */,
				F038F431B46782DD1DE7CDBB /* [CP] Embed Pods Frameworks */,
			);
			buildRules = (
			);
			dependencies = (
			);
			name = "breaking-news";
			productName = "breaking-news";
			productReference = 7C15E72927E668A50018AEF3 /* breaking-news.app */;
			productType = "com.apple.product-type.application";
		};
/* End PBXNativeTarget section */

/* Begin PBXProject section */
		7C15E72127E668A50018AEF3 /* Project object */ = {
			isa = PBXProject;
			attributes = {
				LastSwiftUpdateCheck = 1250;
				LastUpgradeCheck = 1250;
				TargetAttributes = {
					7C15E72827E668A50018AEF3 = {
						CreatedOnToolsVersion = 12.5.1;
					};
				};
			};
			buildConfigurationList = 7C15E72427E668A50018AEF3 /* Build configuration list for PBXProject "breaking-news" */;
			compatibilityVersion = "Xcode 9.3";
			developmentRegion = en;
			hasScannedForEncodings = 0;
			knownRegions = (
				en,
				Base,
			);
			mainGroup = 7C15E72027E668A50018AEF3;
			productRefGroup = 7C15E72A27E668A50018AEF3 /* Products */;
			projectDirPath = "";
			projectRoot = "";
			targets = (
				7C15E72827E668A50018AEF3 /* breaking-news */,
			);
		};
/* End PBXProject section */

/* Begin PBXResourcesBuildPhase section */
		7C15E72727E668A50018AEF3 /* Resources */ = {
			isa = PBXResourcesBuildPhase;
			buildActionMask = 2147483647;
			files = (
				7C15E73927E668A60018AEF3 /* LaunchScreen.storyboard in Resources */,
				7C15E73627E668A60018AEF3 /* Assets.xcassets in Resources */,
				7C1A2DE827FAB7BD004305B4 /* ArticleDetailScreen.storyboard in Resources */,
				7C40942B27EA5B18003857CD /* SearchArticleScreen.storyboard in Resources */,
				7CD2945927E894AA00A93FEC /* NewsAPI.plist in Resources */,
				7C40943127EAF3FB003857CD /* ArticleTableViewCell.xib in Resources */,
				7C15E73427E668A50018AEF3 /* Main.storyboard in Resources */,
			);
			runOnlyForDeploymentPostprocessing = 0;
		};
/* End PBXResourcesBuildPhase section */

/* Begin PBXShellScriptBuildPhase section */
		12D06B5AA55A24354543C112 /* [CP] Check Pods Manifest.lock */ = {
			isa = PBXShellScriptBuildPhase;
			buildActionMask = 2147483647;
			files = (
			);
			inputFileListPaths = (
			);
			inputPaths = (
				"${PODS_PODFILE_DIR_PATH}/Podfile.lock",
				"${PODS_ROOT}/Manifest.lock",
			);
			name = "[CP] Check Pods Manifest.lock";
			outputFileListPaths = (
			);
			outputPaths = (
				"$(DERIVED_FILE_DIR)/Pods-breaking-news-checkManifestLockResult.txt",
			);
			runOnlyForDeploymentPostprocessing = 0;
			shellPath = /bin/sh;
			shellScript = "diff \"${PODS_PODFILE_DIR_PATH}/Podfile.lock\" \"${PODS_ROOT}/Manifest.lock\" > /dev/null\nif [ $? != 0 ] ; then\n    # print error to STDERR\n    echo \"error: The sandbox is not in sync with the Podfile.lock. Run 'pod install' or update your CocoaPods installation.\" >&2\n    exit 1\nfi\n# This output is used by Xcode 'outputs' to avoid re-running this script phase.\necho \"SUCCESS\" > \"${SCRIPT_OUTPUT_FILE_0}\"\n";
			showEnvVarsInLog = 0;
		};
		F038F431B46782DD1DE7CDBB /* [CP] Embed Pods Frameworks */ = {
			isa = PBXShellScriptBuildPhase;
			buildActionMask = 2147483647;
			files = (
			);
			inputFileListPaths = (
				"${PODS_ROOT}/Target Support Files/Pods-breaking-news/Pods-breaking-news-frameworks-${CONFIGURATION}-input-files.xcfilelist",
			);
			name = "[CP] Embed Pods Frameworks";
			outputFileListPaths = (
				"${PODS_ROOT}/Target Support Files/Pods-breaking-news/Pods-breaking-news-frameworks-${CONFIGURATION}-output-files.xcfilelist",
			);
			runOnlyForDeploymentPostprocessing = 0;
			shellPath = /bin/sh;
			shellScript = "\"${PODS_ROOT}/Target Support Files/Pods-breaking-news/Pods-breaking-news-frameworks.sh\"\n";
			showEnvVarsInLog = 0;
		};
/* End PBXShellScriptBuildPhase section */

/* Begin PBXSourcesBuildPhase section */
		7C15E72527E668A50018AEF3 /* Sources */ = {
			isa = PBXSourcesBuildPhase;
			buildActionMask = 2147483647;
			files = (
				7C15E73127E668A50018AEF3 /* SearchArticleViewController.swift in Sources */,
				7C27800727F2D0B600C590ED /* DownloadImage.swift in Sources */,
				7C15E72D27E668A50018AEF3 /* AppDelegate.swift in Sources */,
				7CD2944E27E66FE600A93FEC /* Source.swift in Sources */,
				7CD2944A27E66FCA00A93FEC /* ArticleResponse.swift in Sources */,
				7C15E72F27E668A50018AEF3 /* SceneDelegate.swift in Sources */,
				7C40943027EAF3FB003857CD /* ArticleTableViewCell.swift in Sources */,
				7CD2945327E6747700A93FEC /* NewsNetworkManager.swift in Sources */,
				7CD2945127E6746000A93FEC /* NewsAPI.swift in Sources */,
				7CD2944C27E66FD900A93FEC /* Article.swift in Sources */,
				7C1A2DEA27FABABF004305B4 /* ArticleDetailViewController.swift in Sources */,
				7CD2945527E847A900A93FEC /* Constants.swift in Sources */,
				7C40942D27EAE6E9003857CD /* SplashViewController.swift in Sources */,
			);
			runOnlyForDeploymentPostprocessing = 0;
		};
/* End PBXSourcesBuildPhase section */

/* Begin PBXVariantGroup section */
		7C15E73227E668A50018AEF3 /* Main.storyboard */ = {
			isa = PBXVariantGroup;
			children = (
				7C15E73327E668A50018AEF3 /* Base */,
			);
			name = Main.storyboard;
			sourceTree = "<group>";
		};
		7C15E73727E668A60018AEF3 /* LaunchScreen.storyboard */ = {
			isa = PBXVariantGroup;
			children = (
				7C15E73827E668A60018AEF3 /* Base */,
			);
			name = LaunchScreen.storyboard;
			sourceTree = "<group>";
		};
/* End PBXVariantGroup section */

/* Begin XCBuildConfiguration section */
		7C15E73B27E668A60018AEF3 /* Debug */ = {
			isa = XCBuildConfiguration;
			buildSettings = {
				ALWAYS_SEARCH_USER_PATHS = NO;
				CLANG_ANALYZER_NONNULL = YES;
				CLANG_ANALYZER_NUMBER_OBJECT_CONVERSION = YES_AGGRESSIVE;
				CLANG_CXX_LANGUAGE_STANDARD = "gnu++14";
				CLANG_CXX_LIBRARY = "libc++";
				CLANG_ENABLE_MODULES = YES;
				CLANG_ENABLE_OBJC_ARC = YES;
				CLANG_ENABLE_OBJC_WEAK = YES;
				CLANG_WARN_BLOCK_CAPTURE_AUTORELEASING = YES;
				CLANG_WARN_BOOL_CONVERSION = YES;
				CLANG_WARN_COMMA = YES;
				CLANG_WARN_CONSTANT_CONVERSION = YES;
				CLANG_WARN_DEPRECATED_OBJC_IMPLEMENTATIONS = YES;
				CLANG_WARN_DIRECT_OBJC_ISA_USAGE = YES_ERROR;
				CLANG_WARN_DOCUMENTATION_COMMENTS = YES;
				CLANG_WARN_EMPTY_BODY = YES;
				CLANG_WARN_ENUM_CONVERSION = YES;
				CLANG_WARN_INFINITE_RECURSION = YES;
				CLANG_WARN_INT_CONVERSION = YES;
				CLANG_WARN_NON_LITERAL_NULL_CONVERSION = YES;
				CLANG_WARN_OBJC_IMPLICIT_RETAIN_SELF = YES;
				CLANG_WARN_OBJC_LITERAL_CONVERSION = YES;
				CLANG_WARN_OBJC_ROOT_CLASS = YES_ERROR;
				CLANG_WARN_QUOTED_INCLUDE_IN_FRAMEWORK_HEADER = YES;
				CLANG_WARN_RANGE_LOOP_ANALYSIS = YES;
				CLANG_WARN_STRICT_PROTOTYPES = YES;
				CLANG_WARN_SUSPICIOUS_MOVE = YES;
				CLANG_WARN_UNGUARDED_AVAILABILITY = YES_AGGRESSIVE;
				CLANG_WARN_UNREACHABLE_CODE = YES;
				CLANG_WARN__DUPLICATE_METHOD_MATCH = YES;
				COPY_PHASE_STRIP = NO;
				DEBUG_INFORMATION_FORMAT = dwarf;
				ENABLE_STRICT_OBJC_MSGSEND = YES;
				ENABLE_TESTABILITY = YES;
				GCC_C_LANGUAGE_STANDARD = gnu11;
				GCC_DYNAMIC_NO_PIC = NO;
				GCC_NO_COMMON_BLOCKS = YES;
				GCC_OPTIMIZATION_LEVEL = 0;
				GCC_PREPROCESSOR_DEFINITIONS = (
					"DEBUG=1",
					"$(inherited)",
				);
				GCC_WARN_64_TO_32_BIT_CONVERSION = YES;
				GCC_WARN_ABOUT_RETURN_TYPE = YES_ERROR;
				GCC_WARN_UNDECLARED_SELECTOR = YES;
				GCC_WARN_UNINITIALIZED_AUTOS = YES_AGGRESSIVE;
				GCC_WARN_UNUSED_FUNCTION = YES;
				GCC_WARN_UNUSED_VARIABLE = YES;
				IPHONEOS_DEPLOYMENT_TARGET = 14.5;
				MTL_ENABLE_DEBUG_INFO = INCLUDE_SOURCE;
				MTL_FAST_MATH = YES;
				ONLY_ACTIVE_ARCH = YES;
				SDKROOT = iphoneos;
				SWIFT_ACTIVE_COMPILATION_CONDITIONS = DEBUG;
				SWIFT_OPTIMIZATION_LEVEL = "-Onone";
			};
			name = Debug;
		};
		7C15E73C27E668A60018AEF3 /* Release */ = {
			isa = XCBuildConfiguration;
			buildSettings = {
				ALWAYS_SEARCH_USER_PATHS = NO;
				CLANG_ANALYZER_NONNULL = YES;
				CLANG_ANALYZER_NUMBER_OBJECT_CONVERSION = YES_AGGRESSIVE;
				CLANG_CXX_LANGUAGE_STANDARD = "gnu++14";
				CLANG_CXX_LIBRARY = "libc++";
				CLANG_ENABLE_MODULES = YES;
				CLANG_ENABLE_OBJC_ARC = YES;
				CLANG_ENABLE_OBJC_WEAK = YES;
				CLANG_WARN_BLOCK_CAPTURE_AUTORELEASING = YES;
				CLANG_WARN_BOOL_CONVERSION = YES;
				CLANG_WARN_COMMA = YES;
				CLANG_WARN_CONSTANT_CONVERSION = YES;
				CLANG_WARN_DEPRECATED_OBJC_IMPLEMENTATIONS = YES;
				CLANG_WARN_DIRECT_OBJC_ISA_USAGE = YES_ERROR;
				CLANG_WARN_DOCUMENTATION_COMMENTS = YES;
				CLANG_WARN_EMPTY_BODY = YES;
				CLANG_WARN_ENUM_CONVERSION = YES;
				CLANG_WARN_INFINITE_RECURSION = YES;
				CLANG_WARN_INT_CONVERSION = YES;
				CLANG_WARN_NON_LITERAL_NULL_CONVERSION = YES;
				CLANG_WARN_OBJC_IMPLICIT_RETAIN_SELF = YES;
				CLANG_WARN_OBJC_LITERAL_CONVERSION = YES;
				CLANG_WARN_OBJC_ROOT_CLASS = YES_ERROR;
				CLANG_WARN_QUOTED_INCLUDE_IN_FRAMEWORK_HEADER = YES;
				CLANG_WARN_RANGE_LOOP_ANALYSIS = YES;
				CLANG_WARN_STRICT_PROTOTYPES = YES;
				CLANG_WARN_SUSPICIOUS_MOVE = YES;
				CLANG_WARN_UNGUARDED_AVAILABILITY = YES_AGGRESSIVE;
				CLANG_WARN_UNREACHABLE_CODE = YES;
				CLANG_WARN__DUPLICATE_METHOD_MATCH = YES;
				COPY_PHASE_STRIP = NO;
				DEBUG_INFORMATION_FORMAT = "dwarf-with-dsym";
				ENABLE_NS_ASSERTIONS = NO;
				ENABLE_STRICT_OBJC_MSGSEND = YES;
				GCC_C_LANGUAGE_STANDARD = gnu11;
				GCC_NO_COMMON_BLOCKS = YES;
				GCC_WARN_64_TO_32_BIT_CONVERSION = YES;
				GCC_WARN_ABOUT_RETURN_TYPE = YES_ERROR;
				GCC_WARN_UNDECLARED_SELECTOR = YES;
				GCC_WARN_UNINITIALIZED_AUTOS = YES_AGGRESSIVE;
				GCC_WARN_UNUSED_FUNCTION = YES;
				GCC_WARN_UNUSED_VARIABLE = YES;
				IPHONEOS_DEPLOYMENT_TARGET = 14.5;
				MTL_ENABLE_DEBUG_INFO = NO;
				MTL_FAST_MATH = YES;
				SDKROOT = iphoneos;
				SWIFT_COMPILATION_MODE = wholemodule;
				SWIFT_OPTIMIZATION_LEVEL = "-O";
				VALIDATE_PRODUCT = YES;
			};
			name = Release;
		};
		7C15E73E27E668A60018AEF3 /* Debug */ = {
			isa = XCBuildConfiguration;
			baseConfigurationReference = 85094A4F09FBA58F112D1DBE /* Pods-breaking-news.debug.xcconfig */;
			buildSettings = {
				ASSETCATALOG_COMPILER_APPICON_NAME = AppIcon;
				ASSETCATALOG_COMPILER_GLOBAL_ACCENT_COLOR_NAME = AccentColor;
				CODE_SIGN_STYLE = Automatic;
				INFOPLIST_FILE = "breaking-news/SupportingFiles/Info.plist";
				LD_RUNPATH_SEARCH_PATHS = (
					"$(inherited)",
					"@executable_path/Frameworks",
				);
				PRODUCT_BUNDLE_IDENTIFIER = "info.breaking-news";
				PRODUCT_NAME = "$(TARGET_NAME)";
				SWIFT_VERSION = 5.0;
				TARGETED_DEVICE_FAMILY = "1,2";
			};
			name = Debug;
		};
		7C15E73F27E668A60018AEF3 /* Release */ = {
			isa = XCBuildConfiguration;
			baseConfigurationReference = E388F37974F665DB067AEABD /* Pods-breaking-news.release.xcconfig */;
			buildSettings = {
				ASSETCATALOG_COMPILER_APPICON_NAME = AppIcon;
				ASSETCATALOG_COMPILER_GLOBAL_ACCENT_COLOR_NAME = AccentColor;
				CODE_SIGN_STYLE = Automatic;
				INFOPLIST_FILE = "breaking-news/SupportingFiles/Info.plist";
				LD_RUNPATH_SEARCH_PATHS = (
					"$(inherited)",
					"@executable_path/Frameworks",
				);
				PRODUCT_BUNDLE_IDENTIFIER = "info.breaking-news";
				PRODUCT_NAME = "$(TARGET_NAME)";
				SWIFT_VERSION = 5.0;
				TARGETED_DEVICE_FAMILY = "1,2";
			};
			name = Release;
		};
/* End XCBuildConfiguration section */

/* Begin XCConfigurationList section */
		7C15E72427E668A50018AEF3 /* Build configuration list for PBXProject "breaking-news" */ = {
			isa = XCConfigurationList;
			buildConfigurations = (
				7C15E73B27E668A60018AEF3 /* Debug */,
				7C15E73C27E668A60018AEF3 /* Release */,
			);
			defaultConfigurationIsVisible = 0;
			defaultConfigurationName = Release;
		};
		7C15E73D27E668A60018AEF3 /* Build configuration list for PBXNativeTarget "breaking-news" */ = {
			isa = XCConfigurationList;
			buildConfigurations = (
				7C15E73E27E668A60018AEF3 /* Debug */,
				7C15E73F27E668A60018AEF3 /* Release */,
			);
			defaultConfigurationIsVisible = 0;
			defaultConfigurationName = Release;
		};
/* End XCConfigurationList section */
	};
	rootObject = 7C15E72127E668A50018AEF3 /* Project object */;
}
